
Microsoft Visual Studio Solution File, Format Version 12.00
# Visual Studio Version 17
VisualStudioVersion = 17.14.36414.22 d17.14
MinimumVisualStudioVersion = 10.0.40219.1
Project("{FAE04EC0-301F-11D3-BF4B-00C04F79EFBC}") = "StructPatterns", "StructPatterns.csproj", "{915C4115-6FDA-42B2-B527-052F9216B62D}"
EndProject
Global
	GlobalSection(SolutionConfigurationPlatforms) = preSolution
		Debug|Any CPU = Debug|Any CPU
		Release|Any CPU = Release|Any CPU
	EndGlobalSection
	GlobalSection(ProjectConfigurationPlatforms) = postSolution
		{915C4115-6FDA-42B2-B527-052F9216B62D}.Debug|Any CPU.ActiveCfg = Debug|Any CPU
		{915C4115-6FDA-42B2-B527-052F9216B62D}.Debug|Any CPU.Build.0 = Debug|Any CPU
		{915C4115-6FDA-42B2-B527-052F9216B62D}.Release|Any CPU.ActiveCfg = Release|Any CPU
		{915C4115-6FDA-42B2-B527-052F9216B62D}.Release|Any CPU.Build.0 = Release|Any CPU
	EndGlobalSection
	GlobalSection(SolutionProperties) = preSolution
		HideSolutionNode = FALSE
	EndGlobalSection
	GlobalSection(ExtensibilityGlobals) = postSolution
		SolutionGuid = {8606755E-C704-4C96-8332-8D40B28BB78E}
	EndGlobalSection
EndGlobal
